hash: 9aa957790ed61ea813f6d035ec90bea923302d012412f59cf66cd1bf54497896
updated: 2019-03-28T20:21:32.864454+08:00
imports:
- name: github.com/aymerick/raymond
  version: b565731e1464263de0bda75f2e45d97b54b60110
  subpackages:
  - ast
  - lexer
  - parser
- name: github.com/BurntSushi/toml
  version: 3012a1dbe2e4bd1391d42b32f0577cb7bbc7f005
- name: github.com/eknkc/amber
  version: cdade1c073850f4ffc70a829e31235ea6892853b
  subpackages:
  - parser
- name: github.com/fatih/structs
  version: 878a968ab22548362a09bdb3322f98b00f470d46
- name: github.com/flosch/pongo2
  version: 24195e6d38b06020d7a92c7b11960cf2e7cad2f2
- name: github.com/iris-contrib/blackfriday
  version: 48b3da6a6f3865c7eb1eba96d74cf0a16f63faca
- name: github.com/iris-contrib/formBinder
  version: ad9fb86c356f971f30319c40ddbdcf72129a2791
- name: github.com/iris-contrib/go.uuid
  version: 36e9d2ebbde5e3f13ab2e25625fd453271d6522e
- name: github.com/Joker/jade
  version: 8828253bfc54f2f91aaef5f32b44a244b0a98e4f
- name: github.com/json-iterator/go
  version: 2433035e513208b0f7bd5b50d0aecd889b2c1ff8
- name: github.com/juju/errors
  version: a4583d0a56eac4bdd939e38050d0c69abe0a9b41
- name: github.com/kataras/golog
  version: 03be101463868edc5a81f094fc68a5f6c1b5503a
- name: github.com/kataras/iris
  version: a0f29bd2f48611021667c199cff55c1e3ab46f81
  subpackages:
  - cache
  - cache/cfg
  - cache/client
  - cache/client/rule
  - cache/entry
  - cache/ruleset
  - cache/uri
  - context
  - core/errors
  - core/handlerconv
  - core/host
  - core/memstore
  - core/netutil
  - core/router
  - macro
  - macro/handler
  - macro/interpreter/ast
  - macro/interpreter/lexer
  - macro/interpreter/parser
  - macro/interpreter/token
  - middleware/logger
  - middleware/recover
  - view
- name: github.com/kataras/pio
  version: a9733b5b6b83d32b479aacd51d26ef6018261963
  subpackages:
  - terminal
- name: github.com/klauspost/compress
  version: b50017755d442260d792c34c7c43216d9ba7ffc7
  subpackages:
  - flate
  - gzip
- name: github.com/klauspost/cpuid
  version: e7e905edc00ea8827e58662220139109efea09db
- name: github.com/microcosm-cc/bluemonday
  version: 82c7118e8ccf7403d4860175d97bb635e8e28239
- name: github.com/modern-go/concurrent
  version: bacd9c7ef1dd9b15be4a9909b8ac7a4e313eec94
- name: github.com/modern-go/reflect2
  version: 94122c33edd36123c84d5368cfb2b69df93a0ec8
- name: github.com/ryanuber/columnize
  version: abc90934186a77966e2beeac62ed966aac0561d5
- name: github.com/Shopify/goreferrer
  version: b9777dc9f9cc3f3e426a01d218ddd6d52153f907
- name: github.com/shurcooL/sanitized_anchor_name
  version: 86672fcb3f950f35f2e675df2240550f2a50762f
- name: golang.org/x/crypto
  version: 7c1a557ab941a71c619514f229f0b27ccb0c27cf
  subpackages:
  - acme
  - acme/autocert
- name: golang.org/x/net
  version: a680a1efc54dd51c040b3b5ce4939ea3cf2ea0d1
  subpackages:
  - html
  - html/atom
  - publicsuffix
- name: golang.org/x/sys
  version: fa43e7bc11baaae89f3f902b2b4d832b68234844
  subpackages:
  - unix
- name: gopkg.in/yaml.v2
  version: 5420a8b6744d3b0345ab293f6fcba19c978f1183
testImports: []
